
Microsoft Visual Studio Solution File, Format Version 12.00
# Visual Studio Version 16
VisualStudioVersion = 16.0.29411.108
MinimumVisualStudioVersion = 10.0.40219.1
Project("{9A19103F-16F7-4668-BE54-9A1E7A4F7556}") = "CICD.Web", "CICD.Web\CICD.Web.csproj", "{0F3384FC-BD1B-4804-8031-521C9F1DA114}"
EndProject
Project("{9A19103F-16F7-4668-BE54-9A1E7A4F7556}") = "CICD.Lib", "CICD.Lib\CICD.Lib.csproj", "{8E36D7DE-3FDD-4029-A02C-960BAD882B80}"
EndProject
Project("{9A19103F-16F7-4668-BE54-9A1E7A4F7556}") = "CICD.Test", "CICD.Test\CICD.Test.csproj", "{903BD28B-87BF-4A51-BBA8-B0B7F687BD65}"
EndProject
Project("{FAE04EC0-301F-11D3-BF4B-00C04F79EFBC}") = "CICD.IntegrationTest", "CICD.IntegrationTest\CICD.IntegrationTest.csproj", "{F2C3EB6B-FBFD-4876-80DE-5A9C5C407B90}"
EndProject
Global
	GlobalSection(SolutionConfigurationPlatforms) = preSolution
		Debug|Any CPU = Debug|Any CPU
		Release|Any CPU = Release|Any CPU
	EndGlobalSection
	GlobalSection(ProjectConfigurationPlatforms) = postSolution
		{0F3384FC-BD1B-4804-8031-521C9F1DA114}.Debug|Any CPU.ActiveCfg = Debug|Any CPU
		{0F3384FC-BD1B-4804-8031-521C9F1DA114}.Debug|Any CPU.Build.0 = Debug|Any CPU
		{0F3384FC-BD1B-4804-8031-521C9F1DA114}.Release|Any CPU.ActiveCfg = Release|Any CPU
		{0F3384FC-BD1B-4804-8031-521C9F1DA114}.Release|Any CPU.Build.0 = Release|Any CPU
		{8E36D7DE-3FDD-4029-A02C-960BAD882B80}.Debug|Any CPU.ActiveCfg = Debug|Any CPU
		{8E36D7DE-3FDD-4029-A02C-960BAD882B80}.Debug|Any CPU.Build.0 = Debug|Any CPU
		{8E36D7DE-3FDD-4029-A02C-960BAD882B80}.Release|Any CPU.ActiveCfg = Release|Any CPU
		{8E36D7DE-3FDD-4029-A02C-960BAD882B80}.Release|Any CPU.Build.0 = Release|Any CPU
		{903BD28B-87BF-4A51-BBA8-B0B7F687BD65}.Debug|Any CPU.ActiveCfg = Debug|Any CPU
		{903BD28B-87BF-4A51-BBA8-B0B7F687BD65}.Debug|Any CPU.Build.0 = Debug|Any CPU
		{903BD28B-87BF-4A51-BBA8-B0B7F687BD65}.Release|Any CPU.ActiveCfg = Release|Any CPU
		{903BD28B-87BF-4A51-BBA8-B0B7F687BD65}.Release|Any CPU.Build.0 = Release|Any CPU
		{F2C3EB6B-FBFD-4876-80DE-5A9C5C407B90}.Debug|Any CPU.ActiveCfg = Debug|Any CPU
		{F2C3EB6B-FBFD-4876-80DE-5A9C5C407B90}.Debug|Any CPU.Build.0 = Debug|Any CPU
		{F2C3EB6B-FBFD-4876-80DE-5A9C5C407B90}.Release|Any CPU.ActiveCfg = Release|Any CPU
		{F2C3EB6B-FBFD-4876-80DE-5A9C5C407B90}.Release|Any CPU.Build.0 = Release|Any CPU
	EndGlobalSection
	GlobalSection(SolutionProperties) = preSolution
		HideSolutionNode = FALSE
	EndGlobalSection
	GlobalSection(ExtensibilityGlobals) = postSolution
		SolutionGuid = {F2CF7213-6008-4985-84B4-7C6D3012C269}
	EndGlobalSection
EndGlobal
